// !$*UTF8*$!
{
	archiveVersion = 1;
	classes = {
	};
	objectVersion = 46;
	objects = {

/* Begin PBXBuildFile section */
		E3993C341AAEEABE007904CA /* main.m in Sources */ = {isa = PBXBuildFile; fileRef = E3993C331AAEEABE007904CA /* main.m */; };
		E3993C371AAEEABE007904CA /* AppDelegate.m in Sources */ = {isa = PBXBuildFile; fileRef = E3993C361AAEEABE007904CA /* AppDelegate.m */; };
		E3993C3A1AAEEABE007904CA /* ViewController.m in Sources */ = {isa = PBXBuildFile; fileRef = E3993C391AAEEABE007904CA /* ViewController.m */; };
		E3993C3D1AAEEABE007904CA /* Main.storyboard in Resources */ = {isa = PBXBuildFile; fileRef = E3993C3B1AAEEABE007904CA /* Main.storyboard */; };
		E3993C3F1AAEEABE007904CA /* Images.xcassets in Resources */ = {isa = PBXBuildFile; fileRef = E3993C3E1AAEEABE007904CA /* Images.xcassets */; };
		E3993C421AAEEABE007904CA /* LaunchScreen.xib in Resources */ = {isa = PBXBuildFile; fileRef = E3993C401AAEEABE007904CA /* LaunchScreen.xib */; };
		E3993C4E1AAEEABE007904CA /* GitTestTests.m in Sources */ = {isa = PBXBuildFile; fileRef = E3993C4D1AAEEABE007904CA /* GitTestTests.m */; };
/* End PBXBuildFile section */

/* Begin PBXContainerItemProxy section */
		E3993C481AAEEABE007904CA /* PBXContainerItemProxy */ = {
			isa = PBXContainerItemProxy;
			containerPortal = E3993C261AAEEABD007904CA /* Project object */;
			proxyType = 1;
			remoteGlobalIDString = E3993C2D1AAEEABE007904CA;
			remoteInfo = GitTest;
		};
/* End PBXContainerItemProxy section */

/* Begin PBXFileReference section */
		E3993C2E1AAEEABE007904CA /* GitTest.app */ = {isa = PBXFileReference; explicitFileType = wrapper.application; includeInIndex = 0; path = GitTest.app; sourceTree = BUILT_PRODUCTS_DIR; };
		E3993C321AAEEABE007904CA /* Info.plist */ = {isa = PBXFileReference; lastKnownFileType = text.plist.xml; path = Info.plist; sourceTree = "<group>"; };
		E3993C331AAEEABE007904CA /* main.m */ = {isa = PBXFileReference; lastKnownFileType = sourcecode.c.objc; path = main.m; sourceTree = "<group>"; };
		E3993C351AAEEABE007904CA /* AppDelegate.h */ = {isa = PBXFileReference; lastKnownFileType = sourcecode.c.h; path = AppDelegate.h; sourceTree = "<group>"; };
		E3993C361AAEEABE007904CA /* AppDelegate.m */ = {isa = PBXFileReference; lastKnownFileType = sourcecode.c.objc; path = AppDelegate.m; sourceTree = "<group>"; };
		E3993C381AAEEABE007904CA /* ViewController.h */ = {isa = PBXFileReference; lastKnownFileType = sourcecode.c.h; path = ViewController.h; sourceTree = "<group>"; };
		E3993C391AAEEABE007904CA /* ViewController.m */ = {isa = PBXFileReference; lastKnownFileType = sourcecode.c.objc; path = ViewController.m; sourceTree = "<group>"; };
		E3993C3C1AAEEABE007904CA /* Base */ = {isa = PBXFileReference; lastKnownFileType = file.storyboard; name = Base; path = Base.lproj/Main.storyboard; sourceTree = "<group>"; };
		E3993C3E1AAEEABE007904CA /* Images.xcassets */ = {isa = PBXFileReference; lastKnownFileType = folder.assetcatalog; path = Images.xcassets; sourceTree = "<group>"; };
		E3993C411AAEEABE007904CA /* Base */ = {isa = PBXFileReference; lastKnownFileType = file.xib; name = Base; path = Base.lproj/LaunchScreen.xib; sourceTree = "<group>"; };
		E3993C471AAEEABE007904CA /* GitTestTests.xctest */ = {isa = PBXFileReference; explicitFileType = wrapper.cfbundle; includeInIndex = 0; path = GitTestTests.xctest; sourceTree = BUILT_PRODUCTS_DIR; };
		E3993C4C1AAEEABE007904CA /* Info.plist */ = {isa = PBXFileReference; lastKnownFileType = text.plist.xml; path = Info.plist; sourceTree = "<group>"; };
		E3993C4D1AAEEABE007904CA /* GitTestTests.m */ = {isa = PBXFileReference; lastKnownFileType = sourcecode.c.objc; path = GitTestTests.m; sourceTree = "<group>"; };
/* End PBXFileReference section */

/* Begin PBXFrameworksBuildPhase section */
		E3993C2B1AAEEABE007904CA /* Frameworks */ = {
			isa = PBXFrameworksBuildPhase;
			buildActionMask = 2147483647;
			files = (
			);
			runOnlyForDeploymentPostprocessing = 0;
		};
		E3993C441AAEEABE007904CA /* Frameworks */ = {
			isa = PBXFrameworksBuildPhase;
			buildActionMask = 2147483647;
			files = (
			);
			runOnlyForDeploymentPostprocessing = 0;
		};
/* End PBXFrameworksBuildPhase section */

/* Begin PBXGroup section */
		E3993C251AAEEABD007904CA = {
			isa = PBXGroup;
			children = (
				E3993C301AAEEABE007904CA /* GitTest */,
				E3993C4A1AAEEABE007904CA /* GitTestTests */,
				E3993C2F1AAEEABE007904CA /* Products */,
			);
			sourceTree = "<group>";
		};
		E3993C2F1AAEEABE007904CA /* Products */ = {
			isa = PBXGroup;
			children = (
				E3993C2E1AAEEABE007904CA /* GitTest.app */,
				E3993C471AAEEABE007904CA /* GitTestTests.xctest */,
			);
			name = Products;
			sourceTree = "<group>";
		};
		E3993C301AAEEABE007904CA /* GitTest */ = {
			isa = PBXGroup;
			children = (
				E3993C351AAEEABE007904CA /* AppDelegate.h */,
				E3993C361AAEEABE007904CA /* AppDelegate.m */,
				E3993C381AAEEABE007904CA /* ViewController.h */,
				E3993C391AAEEABE007904CA /* ViewController.m */,
				E3993C3B1AAEEABE007904CA /* Main.storyboard */,
				E3993C3E1AAEEABE007904CA /* Images.xcassets */,
				E3993C401AAEEABE007904CA /* LaunchScreen.xib */,
				E3993C311AAEEABE007904CA /* Supporting Files */,
			);
			path = GitTest;
			sourceTree = "<group>";
		};
		E3993C311AAEEABE007904CA /* Supporting Files */ = {
			isa = PBXGroup;
			children = (
				E3993C321AAEEABE007904CA /* Info.plist */,
				E3993C331AAEEABE007904CA /* main.m */,
			);
			name = "Supporting Files";
			sourceTree = "<group>";
		};
		E3993C4A1AAEEABE007904CA /* GitTestTests */ = {
			isa = PBXGroup;
			children = (
				E3993C4D1AAEEABE007904CA /* GitTestTests.m */,
				E3993C4B1AAEEABE007904CA /* Supporting Files */,
			);
			path = GitTestTests;
			sourceTree = "<group>";
		};
		E3993C4B1AAEEABE007904CA /* Supporting Files */ = {
			isa = PBXGroup;
			children = (
				E3993C4C1AAEEABE007904CA /* Info.plist */,
			);
			name = "Supporting Files";
			sourceTree = "<group>";
		};
/* End PBXGroup section */

/* Begin PBXNativeTarget section */
		E3993C2D1AAEEABE007904CA /* GitTest */ = {
			isa = PBXNativeTarget;
			buildConfigurationList = E3993C511AAEEABE007904CA /* Build configuration list for PBXNativeTarget "GitTest" */;
			buildPhases = (
				E3993C2A1AAEEABE007904CA /* Sources */,
				E3993C2B1AAEEABE007904CA /* Frameworks */,
				E3993C2C1AAEEABE007904CA /* Resources */,
			);
			buildRules = (
			);
			dependencies = (
			);
			name = GitTest;
			productName = GitTest;
			productReference = E3993C2E1AAEEABE007904CA /* GitTest.app */;
			productType = "com.apple.product-type.application";
		};
		E3993C461AAEEABE007904CA /* GitTestTests */ = {
			isa = PBXNativeTarget;
			buildConfigurationList = E3993C541AAEEABE007904CA /* Build configuration list for PBXNativeTarget "GitTestTests" */;
			buildPhases = (
				E3993C431AAEEABE007904CA /* Sources */,
				E3993C441AAEEABE007904CA /* Frameworks */,
				E3993C451AAEEABE007904CA /* Resources */,
			);
			buildRules = (
			);
			dependencies = (
				E3993C491AAEEABE007904CA /* PBXTargetDependency */,
			);
			name = GitTestTests;
			productName = GitTestTests;
			productReference = E3993C471AAEEABE007904CA /* GitTestTests.xctest */;
			productType = "com.apple.product-type.bundle.unit-test";
		};
/* End PBXNativeTarget section */

/* Begin PBXProject section */
		E3993C261AAEEABD007904CA /* Project object */ = {
			isa = PBXProject;
			attributes = {
				LastUpgradeCheck = 0610;
				ORGANIZATIONNAME = lashover;
				TargetAttributes = {
					E3993C2D1AAEEABE007904CA = {
						CreatedOnToolsVersion = 6.1.1;
					};
					E3993C461AAEEABE007904CA = {
						CreatedOnToolsVersion = 6.1.1;
						TestTargetID = E3993C2D1AAEEABE007904CA;
					};
				};
			};
			buildConfigurationList = E3993C291AAEEABE007904CA /* Build configuration list for PBXProject "GitTest" */;
			compatibilityVersion = "Xcode 3.2";
			developmentRegion = English;
			hasScannedForEncodings = 0;
			knownRegions = (
				en,
				Base,
			);
			mainGroup = E3993C251AAEEABD007904CA;
			productRefGroup = E3993C2F1AAEEABE007904CA /* Products */;
			projectDirPath = "";
			projectRoot = "";
			targets = (
				E3993C2D1AAEEABE007904CA /* GitTest */,
				E3993C461AAEEABE007904CA /* GitTestTests */,
			);
		};
/* End PBXProject section */

/* Begin PBXResourcesBuildPhase section */
		E3993C2C1AAEEABE007904CA /* Resources */ = {
			isa = PBXResourcesBuildPhase;
			buildActionMask = 2147483647;
			files = (
				E3993C3D1AAEEABE007904CA /* Main.storyboard in Resources */,
				E3993C421AAEEABE007904CA /* LaunchScreen.xib in Resources */,
				E3993C3F1AAEEABE007904CA /* Images.xcassets in Resources */,
			);
			runOnlyForDeploymentPostprocessing = 0;
		};
		E3993C451AAEEABE007904CA /* Resources */ = {
			isa = PBXResourcesBuildPhase;
			buildActionMask = 2147483647;
			files = (
			);
			runOnlyForDeploymentPostprocessing = 0;
		};
/* End PBXResourcesBuildPhase section */

/* Begin PBXSourcesBuildPhase section */
		E3993C2A1AAEEABE007904CA /* Sources */ = {
			isa = PBXSourcesBuildPhase;
			buildActionMask = 2147483647;
			files = (
				E3993C3A1AAEEABE007904CA /* ViewController.m in Sources */,
				E3993C371AAEEABE007904CA /* AppDelegate.m in Sources */,
				E3993C341AAEEABE007904CA /* main.m in Sources */,
			);
			runOnlyForDeploymentPostprocessing = 0;
		};
		E3993C431AAEEABE007904CA /* Sources */ = {
			isa = PBXSourcesBuildPhase;
			buildActionMask = 2147483647;
			files = (
				E3993C4E1AAEEABE007904CA /* GitTestTests.m in Sources */,
			);
			runOnlyForDeploymentPostprocessing = 0;
		};
/* End PBXSourcesBuildPhase section */

/* Begin PBXTargetDependency section */
		E3993C491AAEEABE007904CA /* PBXTargetDependency */ = {
			isa = PBXTargetDependency;
			target = E3993C2D1AAEEABE007904CA /* GitTest */;
			targetProxy = E3993C481AAEEABE007904CA /* PBXContainerItemProxy */;
		};
/* End PBXTargetDependency section */

/* Begin PBXVariantGroup section */
		E3993C3B1AAEEABE007904CA /* Main.storyboard */ = {
			isa = PBXVariantGroup;
			children = (
				E3993C3C1AAEEABE007904CA /* Base */,
			);
			name = Main.storyboard;
			sourceTree = "<group>";
		};
		E3993C401AAEEABE007904CA /* LaunchScreen.xib */ = {
			isa = PBXVariantGroup;
			children = (
				E3993C411AAEEABE007904CA /* Base */,
			);
			name = LaunchScreen.xib;
			sourceTree = "<group>";
		};
/* End PBXVariantGroup section */

/* Begin XCBuildConfiguration section */
		E3993C4F1AAEEABE007904CA /* Debug */ = {
			isa = XCBuildConfiguration;
			buildSettings = {
				ALWAYS_SEARCH_USER_PATHS = NO;
				CLANG_CXX_LANGUAGE_STANDARD = "gnu++0x";
				CLANG_CXX_LIBRARY = "libc++";
				CLANG_ENABLE_MODULES = YES;
				CLANG_ENABLE_OBJC_ARC = YES;
				CLANG_WARN_BOOL_CONVERSION = YES;
				CLANG_WARN_CONSTANT_CONVERSION = YES;
				CLANG_WARN_DIRECT_OBJC_ISA_USAGE = YES_ERROR;
				CLANG_WARN_EMPTY_BODY = YES;
				CLANG_WARN_ENUM_CONVERSION = YES;
				CLANG_WARN_INT_CONVERSION = YES;
				CLANG_WARN_OBJC_ROOT_CLASS = YES_ERROR;
				CLANG_WARN_UNREACHABLE_CODE = YES;
				CLANG_WARN__DUPLICATE_METHOD_MATCH = YES;
				"CODE_SIGN_IDENTITY[sdk=iphoneos*]" = "iPhone Developer";
				COPY_PHASE_STRIP = NO;
				ENABLE_STRICT_OBJC_MSGSEND = YES;
				GCC_C_LANGUAGE_STANDARD = gnu99;
				GCC_DYNAMIC_NO_PIC = NO;
				GCC_OPTIMIZATION_LEVEL = 0;
				GCC_PREPROCESSOR_DEFINITIONS = (
					"DEBUG=1",
					"$(inherited)",
				);
				GCC_SYMBOLS_PRIVATE_EXTERN = NO;
				GCC_WARN_64_TO_32_BIT_CONVERSION = YES;
				GCC_WARN_ABOUT_RETURN_TYPE = YES_ERROR;
				GCC_WARN_UNDECLARED_SELECTOR = YES;
				GCC_WARN_UNINITIALIZED_AUTOS = YES_AGGRESSIVE;
				GCC_WARN_UNUSED_FUNCTION = YES;
				GCC_WARN_UNUSED_VARIABLE = YES;
				IPHONEOS_DEPLOYMENT_TARGET = 8.1;
				MTL_ENABLE_DEBUG_INFO = YES;
				ONLY_ACTIVE_ARCH = YES;
				SDKROOT = iphoneos;
			};
			name = Debug;
		};
		E3993C501AAEEABE007904CA /* Release */ = {
			isa = XCBuildConfiguration;
			buildSettings = {
				ALWAYS_SEARCH_USER_PATHS = NO;
				CLANG_CXX_LANGUAGE_STANDARD = "gnu++0x";
				CLANG_CXX_LIBRARY = "libc++";
				CLANG_ENABLE_MODULES = YES;
				CLANG_ENABLE_OBJC_ARC = YES;
				CLANG_WARN_BOOL_CONVERSION = YES;
				CLANG_WARN_CONSTANT_CONVERSION = YES;
				CLANG_WARN_DIRECT_OBJC_ISA_USAGE = YES_ERROR;
				CLANG_WARN_EMPTY_BODY = YES;
				CLANG_WARN_ENUM_CONVERSION = YES;
				CLANG_WARN_INT_CONVERSION = YES;
				CLANG_WARN_OBJC_ROOT_CLASS = YES_ERROR;
				CLANG_WARN_UNREACHABLE_CODE = YES;
				CLANG_WARN__DUPLICATE_METHOD_MATCH = YES;
				"CODE_SIGN_IDENTITY[sdk=iphoneos*]" = "iPhone Developer";
				COPY_PHASE_STRIP = YES;
				ENABLE_NS_ASSERTIONS = NO;
				ENABLE_STRICT_OBJC_MSGSEND = YES;
				GCC_C_LANGUAGE_STANDARD = gnu99;
				GCC_WARN_64_TO_32_BIT_CONVERSION = YES;
				GCC_WARN_ABOUT_RETURN_TYPE = YES_ERROR;
				GCC_WARN_UNDECLARED_SELECTOR = YES;
				GCC_WARN_UNINITIALIZED_AUTOS = YES_AGGRESSIVE;
				GCC_WARN_UNUSED_FUNCTION = YES;
				GCC_WARN_UNUSED_VARIABLE = YES;
				IPHONEOS_DEPLOYMENT_TARGET = 8.1;
				MTL_ENABLE_DEBUG_INFO = NO;
				SDKROOT = iphoneos;
				VALIDATE_PRODUCT = YES;
			};
			name = Release;
		};
		E3993C521AAEEABE007904CA /* Debug */ = {
			isa = XCBuildConfiguration;
			buildSettings = {
				ASSETCATALOG_COMPILER_APPICON_NAME = AppIcon;
				INFOPLIST_FILE = GitTest/Info.plist;
				LD_RUNPATH_SEARCH_PATHS = "$(inherited) @executable_path/Frameworks";
				PRODUCT_NAME = "$(TARGET_NAME)";
			};
			name = Debug;
		};
		E3993C531AAEEABE007904CA /* Release */ = {
			isa = XCBuildConfiguration;
			buildSettings = {
				ASSETCATALOG_COMPILER_APPICON_NAME = AppIcon;
				INFOPLIST_FILE = GitTest/Info.plist;
				LD_RUNPATH_SEARCH_PATHS = "$(inherited) @executable_path/Frameworks";
				PRODUCT_NAME = "$(TARGET_NAME)";
			};
			name = Release;
		};
		E3993C551AAEEABE007904CA /* Debug */ = {
			isa = XCBuildConfiguration;
			buildSettings = {
				BUNDLE_LOADER = "$(TEST_HOST)";
				FRAMEWORK_SEARCH_PATHS = (
					"$(SDKROOT)/Developer/Library/Frameworks",
					"$(inherited)",
				);
				GCC_PREPROCESSOR_DEFINITIONS = (
					"DEBUG=1",
					"$(inherited)",
				);
				INFOPLIST_FILE = GitTestTests/Info.plist;
				LD_RUNPATH_SEARCH_PATHS = "$(inherited) @executable_path/Frameworks @loader_path/Frameworks";
				PRODUCT_NAME = "$(TARGET_NAME)";
				TEST_HOST = "$(BUILT_PRODUCTS_DIR)/GitTest.app/GitTest";
			};
			name = Debug;
		};
		E3993C561AAEEABE007904CA /* Release */ = {
			isa = XCBuildConfiguration;
			buildSettings = {
				BUNDLE_LOADER = "$(TEST_HOST)";
				FRAMEWORK_SEARCH_PATHS = (
					"$(SDKROOT)/Developer/Library/Frameworks",
					"$(inherited)",
				);
				INFOPLIST_FILE = GitTestTests/Info.plist;
				LD_RUNPATH_SEARCH_PATHS = "$(inherited) @executable_path/Frameworks @loader_path/Frameworks";
				PRODUCT_NAME = "$(TARGET_NAME)";
				TEST_HOST = "$(BUILT_PRODUCTS_DIR)/GitTest.app/GitTest";
			};
			name = Release;
		};
/* End XCBuildConfiguration section */

/* Begin XCConfigurationList section */
		E3993C291AAEEABE007904CA /* Build configuration list for PBXProject "GitTest" */ = {
			isa = XCConfigurationList;
			buildConfigurations = (
				E3993C4F1AAEEABE007904CA /* Debug */,
				E3993C501AAEEABE007904CA /* Release */,
			);
			defaultConfigurationIsVisible = 0;
			defaultConfigurationName = Release;
		};
		E3993C511AAEEABE007904CA /* Build configuration list for PBXNativeTarget "GitTest" */ = {
			isa = XCConfigurationList;
			buildConfigurations = (
				E3993C521AAEEABE007904CA /* Debug */,
				E3993C531AAEEABE007904CA /* Release */,
			);
			defaultConfigurationIsVisible = 0;
		};
		E3993C541AAEEABE007904CA /* Build configuration list for PBXNativeTarget "GitTestTests" */ = {
			isa = XCConfigurationList;
			buildConfigurations = (
				E3993C551AAEEABE007904CA /* Debug */,
				E3993C561AAEEABE007904CA /* Release */,
			);
			defaultConfigurationIsVisible = 0;
		};
/* End XCConfigurationList section */
	};
	rootObject = E3993C261AAEEABD007904CA /* Project object */;
}
